# THIS IS AN AUTOGENERATED FILE. DO NOT EDIT THIS FILE DIRECTLY.
# yarn lockfile v1


"@esbuild/android-arm64@0.17.13":
  version "0.17.13"
  resolved "https://registry.yarnpkg.com/@esbuild/android-arm64/-/android-arm64-0.17.13.tgz#88e5b6afe65ef3168b0eb6dc93fdb1b15f4653c9"
  integrity sha512-F5DgvJMV2ZEpLNpPCO7FEk1wy8O5tg6cikWSB6uvvncsgE1xgbPlm+Boio/4820C2/mj713X83X1h01v0qoeHg==

"@esbuild/android-arm@0.17.13":
  version "0.17.13"
  resolved "https://registry.yarnpkg.com/@esbuild/android-arm/-/android-arm-0.17.13.tgz#5a1cfd20453eb1c8a64602069d3e2187a2278b34"
  integrity sha512-5tZZ/hLIfBmt7E8JsE5KbsknoAFmoElkg+A/gjyPtmSQvJjPf+9GsSJihid8VMa08lrsYyaEXOT9RLh3xXQONw==

"@esbuild/android-x64@0.17.13":
  version "0.17.13"
  resolved "https://registry.yarnpkg.com/@esbuild/android-x64/-/android-x64-0.17.13.tgz#4228fef54b7c9c0167693f634301648a9a35d7e4"
  integrity sha512-5m1UUslzpfVrumG3m3Zv2x9VNAcvMOQWJy009y6jt10tcHpzIq2/b0I0k4fz0QYqGSNS1GteRIhVPN4H7OyCXg==

"@esbuild/darwin-arm64@0.17.13":
  version "0.17.13"
  resolved "https://registry.yarnpkg.com/@esbuild/darwin-arm64/-/darwin-arm64-0.17.13.tgz#83964a0ded926c1ef16f5329b80cf505d073e4da"
  integrity sha512-TXbXp/05r7heRsG8yWwbHw9diay+wXIyRNcIHFoNARRIGahYbTW/qwJzE37zkfxLIUPHgR/SyLTUlnTICg14ag==

"@esbuild/darwin-x64@0.17.13":
  version "0.17.13"
  resolved "https://registry.yarnpkg.com/@esbuild/darwin-x64/-/darwin-x64-0.17.13.tgz#330ad462247e5109079efbc1c782c981e584913f"
  integrity sha512-Ku9Db2sblCxFvQdEO7X9nBaLR/S81uch81e2Q2+Os5z1NcnsFjuqhIYH0Gm6KNNpIKaEbC7gCLbiIPbLLMX4Pg==

"@esbuild/freebsd-arm64@0.17.13":
  version "0.17.13"
  resolved "https://registry.yarnpkg.com/@esbuild/freebsd-arm64/-/freebsd-arm64-0.17.13.tgz#59ca41062922c759ad32421d93a6fa0e85290a6b"
  integrity sha512-t1T5/nIf2j+FdSf1Fa3dcU0cXycr0nK4xJe52qjWa+1I249mM5NBY1ODjiabZxZ0x3CG05y4fd9bxfDLy9kQtA==

"@esbuild/freebsd-x64@0.17.13":
  version "0.17.13"
  resolved "https://registry.yarnpkg.com/@esbuild/freebsd-x64/-/freebsd-x64-0.17.13.tgz#349b22850b18323690f90127117d83f351303a7b"
  integrity sha512-/zbkgEO4gY2qGZr9UNAGI38w/FwUY4bx4EC88k9VeiCKNr3ukNgwH/oIgB5Z9/OqpkNLlcS4w9e2d/MIiy5fbw==

"@esbuild/linux-arm64@0.17.13":
  version "0.17.13"
  resolved "https://registry.yarnpkg.com/@esbuild/linux-arm64/-/linux-arm64-0.17.13.tgz#92aa31b0ef1521506e14c27bb960f18eaee5c31f"
  integrity sha512-siu3QZrQ7eGrSttvFaRKyjT7kNRbUuHEKzCCyqRh19MbpGokGY13jbIsBEjx6JmH3T50hds325oweS9Ey2ihAQ==

"@esbuild/linux-arm@0.17.13":
  version "0.17.13"
  resolved "https://registry.yarnpkg.com/@esbuild/linux-arm/-/linux-arm-0.17.13.tgz#3ebbf4764c36f90e58a6342f67844f7628988faf"
  integrity sha512-RrhjzrCF6aCDH248nUAQoldnRmN7nHMxv85GOj5AH+qkxxYvcig7fnUmgANngntRu4btXhN9WKHMgQ5seERDMw==

"@esbuild/linux-ia32@0.17.13":
  version "0.17.13"
  resolved "https://registry.yarnpkg.com/@esbuild/linux-ia32/-/linux-ia32-0.17.13.tgz#7c10f44eed774d6e5ebe652af30e3703819314f6"
  integrity sha512-ADHA1PqP5gIegehVP0RvxMmNPxpLgetI8QCwYOjUheGXKIKWSdUN8ZS3rusQv3NGZmFCpYdMZzFoI0QtzzGAdw==

"@esbuild/linux-loong64@0.17.13":
  version "0.17.13"
  resolved "https://registry.yarnpkg.com/@esbuild/linux-loong64/-/linux-loong64-0.17.13.tgz#80def2d6b0f636deb915ca17353aed42c668e3f7"
  integrity sha512-n1JQPxETmR0brkpWlJHeohReEPLH+m00bnJdNnFyHN3zLBt1QypevuZSmnmFWsC+7r7HTwWILj3lBDjtPH3ydg==

"@esbuild/linux-mips64el@0.17.13":
  version "0.17.13"
  resolved "https://registry.yarnpkg.com/@esbuild/linux-mips64el/-/linux-mips64el-0.17.13.tgz#4d80d34c1ab79c57f5df819e45e555a695c840ab"
  integrity sha512-d0pnD/j5KKQ43xtSIvOD+wNIy6D/Vh9GbXVRa3u4zCyiJMYWjxkPkbBzlEgNjdDmUM+5gBFen9k7B8Xscy+Myg==

"@esbuild/linux-ppc64@0.17.13":
  version "0.17.13"
  resolved "https://registry.yarnpkg.com/@esbuild/linux-ppc64/-/linux-ppc64-0.17.13.tgz#7b668c77ecd58b499622e360400670a8a57697b8"
  integrity sha512-C9sMpa/VcGLjVtsT01sXtzZNS7bAZ+icUclkKkiUwBQ9hzT+J+/Xpj+EykI5hB3KgtxQVo4XUahanFoZNxbQ1g==

"@esbuild/linux-riscv64@0.17.13":
  version "0.17.13"
  resolved "https://registry.yarnpkg.com/@esbuild/linux-riscv64/-/linux-riscv64-0.17.13.tgz#b2b8cdb6a444e86dcbfb16cb3e5a99d7eaf75c41"
  integrity sha512-jYkc5EpNpvjccAHNYekiAtklusVGWftR0VVLtng7dJzDyy+5adAsf1fOG3LllP0WALxS55/w6boLE/728J/bXw==

"@esbuild/linux-s390x@0.17.13":
  version "0.17.13"
  resolved "https://registry.yarnpkg.com/@esbuild/linux-s390x/-/linux-s390x-0.17.13.tgz#38dd0677b876c29280785b18cafc1673961e7f8e"
  integrity sha512-4jAJI5O6E/hATL4lsrG2A+noDjZ377KlATVFKwV3SWaNHj+OvoXe/T84ScQIXEtPI7ndJyLkMYruXj8RR5Ilyw==

"@esbuild/linux-x64@0.17.13":
  version "0.17.13"
  resolved "https://registry.yarnpkg.com/@esbuild/linux-x64/-/linux-x64-0.17.13.tgz#0fed27e7dd7c5b00d9d53c3759a1fc3b6b1dec53"
  integrity sha512-eFLQhJq98qijGRcv9je/9M4Mz1suZ+pOtj62ArsLd0gubNGhhQDz6T30X2X3f1KZ8lkKkr+zN5vtZzx1GAMoFw==

"@esbuild/netbsd-x64@0.17.13":
  version "0.17.13"
  resolved "https://registry.yarnpkg.com/@esbuild/netbsd-x64/-/netbsd-x64-0.17.13.tgz#5db5d517bd6395e63452a59cd4b00c12eb584c3a"
  integrity sha512-F8PXDeT+3eQpPjf4bmNJapPLu0SKKlWRGPQvBQqVS+YDGoMKnyyYp2UENLFMV8zT7kS39zKxZRZvUL3fMz/7Ww==

"@esbuild/openbsd-x64@0.17.13":
  version "0.17.13"
  resolved "https://registry.yarnpkg.com/@esbuild/openbsd-x64/-/openbsd-x64-0.17.13.tgz#d2270dad94a50b78eb67360a85ad45212ac6783b"
  integrity sha512-9jWfzbFCnIZdHjNs+00KQHArUbp7kjQDNmiuqkwGOQFs67m4/dKNupBv2DP5hTqVlQY4tW4RG3qpb6Y3zOHJeA==

"@esbuild/sunos-x64@0.17.13":
  version "0.17.13"
  resolved "https://registry.yarnpkg.com/@esbuild/sunos-x64/-/sunos-x64-0.17.13.tgz#716382743f17c080b17a782346c33c976e10345e"
  integrity sha512-ALbOMlTIBkAVi6KqYjONa7u2oH95RN7OpetFqMtjufFLBiSaayRuwUzhs2yuR9CfGT4qi0jv6HQDav+EG314TQ==

"@esbuild/win32-arm64@0.17.13":
  version "0.17.13"
  resolved "https://registry.yarnpkg.com/@esbuild/win32-arm64/-/win32-arm64-0.17.13.tgz#e9527611f3c9d2c2be61c86d4eb9077c060cdb39"
  integrity sha512-FJBLYL4PkrZGeuHzEqme+0DjNetxkJ+XbB+Aoeow7aQ53JCwsA0/mo8sS5aPkDHgCnMkN4A5GLoFTlDj3BKDrQ==

"@esbuild/win32-ia32@0.17.13":
  version "0.17.13"
  resolved "https://registry.yarnpkg.com/@esbuild/win32-ia32/-/win32-ia32-0.17.13.tgz#f5a1f05254852a6f511af5e1a86afbda807fe8c8"
  integrity sha512-Qrvst9RkLz4qgi3hqswNliYuKW92/HGJnd7xLWkGaGPa8S4qsONf81FW0ebDc5iUHb0I7QJwQATutvghTabnFA==

"@esbuild/win32-x64@0.17.13":
  version "0.17.13"
  resolved "https://registry.yarnpkg.com/@esbuild/win32-x64/-/win32-x64-0.17.13.tgz#eca2698440d931b5a0fb8a5a29388c17adcb6bf5"
  integrity sha512-pZ/NIgz861XaUPlIkPFjP55nJ4PJa0o/CD4zgeRb1Q9FVE+8GvdB6ifJcK05jRhny5hKExhnRFIdgHmmCYH8vg==

"@hotwired/stimulus@>= 3.0, < 4", "@hotwired/stimulus@^3.2.1":
  version "3.2.1"
  resolved "https://registry.yarnpkg.com/@hotwired/stimulus/-/stimulus-3.2.1.tgz#e3de23623b0c52c247aba4cd5d530d257008676b"
  integrity sha512-HGlzDcf9vv/EQrMJ5ZG6VWNs8Z/xMN+1o2OhV1gKiSG6CqZt5MCBB1gRg5ILiN3U0jEAxuDTNPRfBcnZBDmupQ==

"@hotwired/turbo-rails@^7.2.4":
  version "7.2.4"
  resolved "https://registry.yarnpkg.com/@hotwired/turbo-rails/-/turbo-rails-7.2.4.tgz#d155533e79c4ebdac23e8fe12697d821d5c06307"
  integrity sha512-givDUQqaccd19BvErz1Cf2j6MXF74m0G6I75oqFJGeXAa7vwkz9nDplefVNrALCR9Xi9j9gy32xmSI6wD0tZyA==
  dependencies:
    "@hotwired/turbo" "^7.2.4"
    "@rails/actioncable" "^7.0"

"@hotwired/turbo@^7.2.4":
  version "7.2.4"
  resolved "https://registry.yarnpkg.com/@hotwired/turbo/-/turbo-7.2.4.tgz#0d35541be32cfae3b4f78c6ab9138f5b21f28a21"
  integrity sha512-c3xlOroHp/cCZHDOuLp6uzQYEbvXBUVaal0puXoGJ9M8L/KHwZ3hQozD4dVeSN9msHWLxxtmPT1TlCN7gFhj4w==

"@nodelib/fs.scandir@2.1.5":
  version "2.1.5"
  resolved "https://registry.yarnpkg.com/@nodelib/fs.scandir/-/fs.scandir-2.1.5.tgz#7619c2eb21b25483f6d167548b4cfd5a7488c3d5"
  integrity sha512-vq24Bq3ym5HEQm2NKCr3yXDwjc7vTsEThRDnkp2DK9p1uqLR+DHurm/NOTo0KG7HYHU7eppKZj3MyqYuMBf62g==
  dependencies:
    "@nodelib/fs.stat" "2.0.5"
    run-parallel "^1.1.9"

"@nodelib/fs.stat@2.0.5", "@nodelib/fs.stat@^2.0.2":
  version "2.0.5"
  resolved "https://registry.yarnpkg.com/@nodelib/fs.stat/-/fs.stat-2.0.5.tgz#5bd262af94e9d25bd1e71b05deed44876a222e8b"
  integrity sha512-RkhPPp2zrqDAQA/2jNhnztcPAlv64XdhIp7a7454A5ovI7Bukxgt7MX7udwAu3zg1DcpPU0rz3VV1SeaqvY4+A==

"@nodelib/fs.walk@^1.2.3":
  version "1.2.8"
  resolved "https://registry.yarnpkg.com/@nodelib/fs.walk/-/fs.walk-1.2.8.tgz#e95737e8bb6746ddedf69c556953494f196fe69a"
  integrity sha512-oGB+UxlgWcgQkgwo8GcEGwemoTFt3FIO9ababBmaGwXIoBKZ+GTy0pP185beGg7Llih/NSHSV2XAs1lnznocSg==
  dependencies:
    "@nodelib/fs.scandir" "2.1.5"
    fastq "^1.6.0"

"@rails/actioncable@>= 6.0, < 8", "@rails/actioncable@^7.0":
  version "7.0.4"
  resolved "https://registry.yarnpkg.com/@rails/actioncable/-/actioncable-7.0.4.tgz#70a3ca56809f7aaabb80af2f9c01ae51e1a8ed41"
  integrity sha512-tz4oM+Zn9CYsvtyicsa/AwzKZKL+ITHWkhiu7x+xF77clh2b4Rm+s6xnOgY/sGDWoFWZmtKsE95hxBPkgQQNnQ==

braces@^3.0.2:
  version "3.0.2"
  resolved "https://registry.yarnpkg.com/braces/-/braces-3.0.2.tgz#3454e1a462ee8d599e236df336cd9ea4f8afe107"
  integrity sha512-b8um+L1RzM3WDSzvhm6gIz1yfTbBt6YTlcEKAvsmqCZZFw46z626lVj9j1yEPW33H5H+lBQpZMP1k8l+78Ha0A==
  dependencies:
    fill-range "^7.0.1"

cable_ready@5.0.0-pre10:
  version "5.0.0-pre10"
  resolved "https://registry.yarnpkg.com/cable_ready/-/cable_ready-5.0.0-pre10.tgz#e92ca5b481335dfff95ae148b7b0da86e98001c0"
  integrity sha512-NevHcu5N5zzUKxyS/cYtkIY6mm7y1anQr9zxu65fqptMOBZS2fukXpz9YEn659yGKyqtCMVNrzkNtkICkBoGAQ==
  dependencies:
    morphdom "2.6.1"

debug@^4.3.4:
  version "4.3.4"
  resolved "https://registry.yarnpkg.com/debug/-/debug-4.3.4.tgz#1319f6579357f2338d3337d2cdd4914bb5dcc865"
  integrity sha512-PRWFHuSU3eDtQJPvnNY7Jcket1j0t5OuOsFzPPzsekD52Zl8qUfFIPEiswXqIvHWGVHOgX+7G/vCNNhehwxfkQ==
  dependencies:
    ms "2.1.2"

esbuild@^0.17.5:
  version "0.17.13"
  resolved "https://registry.yarnpkg.com/esbuild/-/esbuild-0.17.13.tgz#463066919a5567e8d1f4781004129da7fc8774b6"
  integrity sha512-4ixMwdErBcQHgTBeoxnowENCPKWFAGxgTyKHMK8gqn9sZaC7ZNWFKtim16g2rzQ2b/FYyy3lIUUJboFtjolhqg==
  optionalDependencies:
    "@esbuild/android-arm" "0.17.13"
    "@esbuild/android-arm64" "0.17.13"
    "@esbuild/android-x64" "0.17.13"
    "@esbuild/darwin-arm64" "0.17.13"
    "@esbuild/darwin-x64" "0.17.13"
    "@esbuild/freebsd-arm64" "0.17.13"
    "@esbuild/freebsd-x64" "0.17.13"
    "@esbuild/linux-arm" "0.17.13"
    "@esbuild/linux-arm64" "0.17.13"
    "@esbuild/linux-ia32" "0.17.13"
    "@esbuild/linux-loong64" "0.17.13"
    "@esbuild/linux-mips64el" "0.17.13"
    "@esbuild/linux-ppc64" "0.17.13"
    "@esbuild/linux-riscv64" "0.17.13"
    "@esbuild/linux-s390x" "0.17.13"
    "@esbuild/linux-x64" "0.17.13"
    "@esbuild/netbsd-x64" "0.17.13"
    "@esbuild/openbsd-x64" "0.17.13"
    "@esbuild/sunos-x64" "0.17.13"
    "@esbuild/win32-arm64" "0.17.13"
    "@esbuild/win32-ia32" "0.17.13"
    "@esbuild/win32-x64" "0.17.13"

fast-glob@^3.2.12:
  version "3.2.12"
  resolved "https://registry.yarnpkg.com/fast-glob/-/fast-glob-3.2.12.tgz#7f39ec99c2e6ab030337142da9e0c18f37afae80"
  integrity sha512-DVj4CQIYYow0BlaelwK1pHl5n5cRSJfM60UA0zK891sVInoPri2Ekj7+e1CT3/3qxXenpI+nBBmQAcJPJgaj4w==
  dependencies:
    "@nodelib/fs.stat" "^2.0.2"
    "@nodelib/fs.walk" "^1.2.3"
    glob-parent "^5.1.2"
    merge2 "^1.3.0"
    micromatch "^4.0.4"

fastq@^1.6.0:
  version "1.14.0"
  resolved "https://registry.yarnpkg.com/fastq/-/fastq-1.14.0.tgz#107f69d7295b11e0fccc264e1fc6389f623731ce"
  integrity sha512-eR2D+V9/ExcbF9ls441yIuN6TI2ED1Y2ZcA5BmMtJsOkWOFRJQ0Jt0g1UwqXJJVAb+V+umH5Dfr8oh4EVP7VVg==
  dependencies:
    reusify "^1.0.4"

fill-range@^7.0.1:
  version "7.0.1"
  resolved "https://registry.yarnpkg.com/fill-range/-/fill-range-7.0.1.tgz#1919a6a7c75fe38b2c7c77e5198535da9acdda40"
  integrity sha512-qOo9F+dMUmC2Lcb4BbVvnKJxTPjCm+RRpe4gDuGrzkL7mEVl/djYSu2OdQ2Pa302N4oqkSg9ir6jaLWJ2USVpQ==
  dependencies:
    to-regex-range "^5.0.1"

fsevents@~2.3.2:
  version "2.3.2"
  resolved "https://registry.yarnpkg.com/fsevents/-/fsevents-2.3.2.tgz#8a526f78b8fdf4623b709e0b975c52c24c02fd1a"
  integrity sha512-xiqMQR4xAeHTuB9uWm+fFRcIOgKBMiOBP+eXiyT7jsgVCq1bkVygt00oASowB7EdtpOHaaPgKt812P9ab+DDKA==

function-bind@^1.1.1:
  version "1.1.1"
  resolved "https://registry.yarnpkg.com/function-bind/-/function-bind-1.1.1.tgz#a56899d3ea3c9bab874bb9773b7c5ede92f4895d"
  integrity sha512-yIovAzMX49sF8Yl58fSCWJ5svSLuaibPxXQJFLmBObTuCr0Mf1KiPopGM9NiFjiYBCbfaa2Fh6breQ6ANVTI0A==

glob-parent@^5.1.2:
  version "5.1.2"
  resolved "https://registry.yarnpkg.com/glob-parent/-/glob-parent-5.1.2.tgz#869832c58034fe68a4093c17dc15e8340d8401c4"
  integrity sha512-AOIgSQCepiJYwP3ARnGx+5VnTu2HBYdzbGP45eLw1vr3zB3vZLeyed1sC9hnbcOc9/SrMyM5RPQrkGz4aS9Zow==
  dependencies:
    is-glob "^4.0.1"

has@^1.0.3:
  version "1.0.3"
  resolved "https://registry.yarnpkg.com/has/-/has-1.0.3.tgz#722d7cbfc1f6aa8241f16dd814e011e1f41e8796"
  integrity sha512-f2dvO0VU6Oej7RkWJGrehjbzMAjFp5/VKPp5tTpWIV4JHHZK1/BxbFRtf/siA2SWTe09caDmVtYYzWEIbBS4zw==
  dependencies:
    function-bind "^1.1.1"

is-core-module@^2.9.0:
  version "2.11.0"
  resolved "https://registry.yarnpkg.com/is-core-module/-/is-core-module-2.11.0.tgz#ad4cb3e3863e814523c96f3f58d26cc570ff0144"
  integrity sha512-RRjxlvLDkD1YJwDbroBHMb+cukurkDWNyHx7D3oNB5x9rb5ogcksMC5wHCadcXoo67gVr/+3GFySh3134zi6rw==
  dependencies:
    has "^1.0.3"

is-extglob@^2.1.1:
  version "2.1.1"
  resolved "https://registry.yarnpkg.com/is-extglob/-/is-extglob-2.1.1.tgz#a88c02535791f02ed37c76a1b9ea9773c833f8c2"
  integrity sha512-SbKbANkN603Vi4jEZv49LeVJMn4yGwsbzZworEoyEiutsN3nJYdbO36zfhGJ6QEDpOZIFkDtnq5JRxmvl3jsoQ==

is-glob@^4.0.1:
  version "4.0.3"
  resolved "https://registry.yarnpkg.com/is-glob/-/is-glob-4.0.3.tgz#64f61e42cbbb2eec2071a9dac0b28ba1e65d5084"
  integrity sha512-xelSayHH36ZgE7ZWhli7pW34hNbNl8Ojv5KVmkJD4hBdD3th8Tfk9vYasLM+mXWOZhFkgZfxhLSnrwRr4elSSg==
  dependencies:
    is-extglob "^2.1.1"

is-number@^7.0.0:
  version "7.0.0"
  resolved "https://registry.yarnpkg.com/is-number/-/is-number-7.0.0.tgz#7535345b896734d5f80c4d06c50955527a14f12b"
  integrity sha512-41Cifkg6e8TylSpdtTpeLVMqvSBEVzTttHvERD741+pnZ8ANv0004MRL43QKPDlK9cGvNp6NZWZUBlbGXYxxng==

merge2@^1.3.0:
  version "1.4.1"
  resolved "https://registry.yarnpkg.com/merge2/-/merge2-1.4.1.tgz#4368892f885e907455a6fd7dc55c0c9d404990ae"
  integrity sha512-8q7VEgMJW4J8tcfVPy8g09NcQwZdbwFEqhe/WZkoIzjn/3TGDwtOCYtXGxA3O8tPzpczCCDgv+P2P5y00ZJOOg==

micromatch@^4.0.4:
  version "4.0.5"
  resolved "https://registry.yarnpkg.com/micromatch/-/micromatch-4.0.5.tgz#bc8999a7cbbf77cdc89f132f6e467051b49090c6"
  integrity sha512-DMy+ERcEW2q8Z2Po+WNXuw3c5YaUSFjAO5GsJqfEl7UjvtIuFKO6ZrKvcItdy98dwFI2N1tg3zNIdKaQT+aNdA==
  dependencies:
    braces "^3.0.2"
    picomatch "^2.3.1"

morphdom@2.6.1:
  version "2.6.1"
  resolved "https://registry.yarnpkg.com/morphdom/-/morphdom-2.6.1.tgz#e868e24f989fa3183004b159aed643e628b4306e"
  integrity sha512-Y8YRbAEP3eKykroIBWrjcfMw7mmwJfjhqdpSvoqinu8Y702nAwikpXcNFDiIkyvfCLxLM9Wu95RZqo4a9jFBaA==

ms@2.1.2:
  version "2.1.2"
  resolved "https://registry.yarnpkg.com/ms/-/ms-2.1.2.tgz#d09d1f357b443f493382a8eb3ccd183872ae6009"
  integrity sha512-sGkPx+VjMtmA6MX27oA4FBFELFCZZ4S4XqeGOXCv68tT+jb3vk/RyaKWP0PTKyWtmLSM0b+adUTEvbs1PEaH2w==

nanoid@^3.3.4:
  version "3.3.4"
  resolved "https://registry.yarnpkg.com/nanoid/-/nanoid-3.3.4.tgz#730b67e3cd09e2deacf03c027c81c9d9dbc5e8ab"
  integrity sha512-MqBkQh/OHTS2egovRtLk45wEyNXwF+cokD+1YPf9u5VfJiRdAiRwB2froX5Co9Rh20xs4siNPm8naNotSD6RBw==

path-parse@^1.0.7:
  version "1.0.7"
  resolved "https://registry.yarnpkg.com/path-parse/-/path-parse-1.0.7.tgz#fbc114b60ca42b30d9daf5858e4bd68bbedb6735"
  integrity sha512-LDJzPVEEEPR+y48z93A0Ed0yXb8pAByGWo/k5YYdYgpY2/2EsOsksJrq7lOHxryrVOn1ejG6oAp8ahvOIQD8sw==

picocolors@^1.0.0:
  version "1.0.0"
  resolved "https://registry.yarnpkg.com/picocolors/-/picocolors-1.0.0.tgz#cb5bdc74ff3f51892236eaf79d68bc44564ab81c"
  integrity sha512-1fygroTLlHu66zi26VoTDv8yRgm0Fccecssto+MhsZ0D/DGW2sm8E8AjW7NU5VVTRt5GxbeZ5qBuJr+HyLYkjQ==

picomatch@^2.3.1:
  version "2.3.1"
  resolved "https://registry.yarnpkg.com/picomatch/-/picomatch-2.3.1.tgz#3ba3833733646d9d3e4995946c1365a67fb07a42"
  integrity sha512-JU3teHTNjmE2VCGFzuY8EXzCDVwEqB2a8fsIvwaStHhAWJEeVd1o1QD80CU6+ZdEXXSLbSsuLwJjkCBWqRQUVA==

postcss@^8.4.21:
  version "8.4.21"
  resolved "https://registry.yarnpkg.com/postcss/-/postcss-8.4.21.tgz#c639b719a57efc3187b13a1d765675485f4134f4"
  integrity sha512-tP7u/Sn/dVxK2NnruI4H9BG+x+Wxz6oeZ1cJ8P6G/PZY0IKk4k/63TDsQf2kQq3+qoJeLm2kIBUNlZe3zgb4Zg==
  dependencies:
    nanoid "^3.3.4"
    picocolors "^1.0.0"
    source-map-js "^1.0.2"

queue-microtask@^1.2.2:
  version "1.2.3"
  resolved "https://registry.yarnpkg.com/queue-microtask/-/queue-microtask-1.2.3.tgz#4929228bbc724dfac43e0efb058caf7b6cfb6243"
  integrity sha512-NuaNSa6flKT5JaSYQzJok04JzTL1CA6aGhv5rfLW3PgqA+M2ChpZQnAC8h8i4ZFkBS8X5RqkDBHA7r4hej3K9A==

resolve@^1.22.1:
  version "1.22.1"
  resolved "https://registry.yarnpkg.com/resolve/-/resolve-1.22.1.tgz#27cb2ebb53f91abb49470a928bba7558066ac177"
  integrity sha512-nBpuuYuY5jFsli/JIs1oldw6fOQCBioohqWZg/2hiaOybXOft4lonv85uDOKXdf8rhyK159cxU5cDcK/NKk8zw==
  dependencies:
    is-core-module "^2.9.0"
    path-parse "^1.0.7"
    supports-preserve-symlinks-flag "^1.0.0"

reusify@^1.0.4:
  version "1.0.4"
  resolved "https://registry.yarnpkg.com/reusify/-/reusify-1.0.4.tgz#90da382b1e126efc02146e90845a88db12925d76"
  integrity sha512-U9nH88a3fc/ekCF1l0/UP1IosiuIjyTh7hBvXVMHYgVcfGvt897Xguj2UOLDeI5BG2m7/uwyaLVT6fbtCwTyzw==

rollup@^3.18.0:
  version "3.20.2"
  resolved "https://registry.yarnpkg.com/rollup/-/rollup-3.20.2.tgz#f798c600317f216de2e4ad9f4d9ab30a89b690ff"
  integrity sha512-3zwkBQl7Ai7MFYQE0y1MeQ15+9jsi7XxfrqwTb/9EK8D9C9+//EBR4M+CuA1KODRaNbFez/lWxA5vhEGZp4MUg==
  optionalDependencies:
    fsevents "~2.3.2"

run-parallel@^1.1.9:
  version "1.2.0"
  resolved "https://registry.yarnpkg.com/run-parallel/-/run-parallel-1.2.0.tgz#66d1368da7bdf921eb9d95bd1a9229e7f21a43ee"
  integrity sha512-5l4VyZR86LZ/lDxZTR6jqL8AFE2S0IFLMP26AbjsLVADxHdhB/c0GUsH+y39UfCi3dzz8OlQuPmnaJOMoDHQBA==
  dependencies:
    queue-microtask "^1.2.2"

source-map-js@^1.0.2:
  version "1.0.2"
  resolved "https://registry.yarnpkg.com/source-map-js/-/source-map-js-1.0.2.tgz#adbc361d9c62df380125e7f161f71c826f1e490c"
  integrity sha512-R0XvVJ9WusLiqTCEiGCmICCMplcCkIwwR11mOSD9CR5u+IXYdiseeEuXCVAjS54zqwkLcPNnmU4OeJ6tUrWhDw==

stimulus_reflex@3.5.0-pre10:
  version "3.5.0-pre10"
  resolved "https://registry.yarnpkg.com/stimulus_reflex/-/stimulus_reflex-3.5.0-pre10.tgz#5d907af1647d6fe49e4ee6b228867b9af817682e"
  integrity sha512-Y4EeAvcXTa4Kkso8EVRh7ZqYAYO6PerAhmoV0i7KJ4nEAxwPQ7/z5ez8597qD2SnhR+/nsVAxj6yF5LcdNBb3Q==
  dependencies:
    "@hotwired/stimulus" ">= 3.0, < 4"
    "@rails/actioncable" ">= 6.0, < 8"
    cable_ready "5.0.0-pre10"

supports-preserve-symlinks-flag@^1.0.0:
  version "1.0.0"
  resolved "https://registry.yarnpkg.com/supports-preserve-symlinks-flag/-/supports-preserve-symlinks-flag-1.0.0.tgz#6eda4bd344a3c94aea376d4cc31bc77311039e09"
  integrity sha512-ot0WnXS9fgdkgIcePe6RHNk1WA8+muPa6cSjeR3V8K27q9BB1rTE3R1p7Hv0z1ZyAc8s6Vvv8DIyWf681MAt0w==

to-regex-range@^5.0.1:
  version "5.0.1"
  resolved "https://registry.yarnpkg.com/to-regex-range/-/to-regex-range-5.0.1.tgz#1648c44aae7c8d988a326018ed72f5b4dd0392e4"
  integrity sha512-65P7iz6X5yEr1cwcgvQxbbIw7Uk3gOy5dIdtZ4rDveLqhrdJP+Li/Hx6tyK0NEb+2GCyneCMJiGqrADCSNk8sQ==
  dependencies:
    is-number "^7.0.0"

vite-plugin-ruby@^3.2.0:
  version "3.2.1"
  resolved "https://registry.yarnpkg.com/vite-plugin-ruby/-/vite-plugin-ruby-3.2.1.tgz#fe2e2572c450a74d9342d64d183985f32583c0ce"
  integrity sha512-GBSplgICiQb/pweEZzXtWrJhvOo33ljE7taAVbxDOXCbm4X3w0mFUmowxFf4I7oePtLPIZRU8N+JHCcBYzNIng==
  dependencies:
    debug "^4.3.4"
    fast-glob "^3.2.12"

vite@^4.2.0:
  version "4.2.1"
  resolved "https://registry.yarnpkg.com/vite/-/vite-4.2.1.tgz#6c2eb337b0dfd80a9ded5922163b94949d7fc254"
  integrity sha512-7MKhqdy0ISo4wnvwtqZkjke6XN4taqQ2TBaTccLIpOKv7Vp2h4Y+NpmWCnGDeSvvn45KxvWgGyb0MkHvY1vgbg==
  dependencies:
    esbuild "^0.17.5"
    postcss "^8.4.21"
    resolve "^1.22.1"
    rollup "^3.18.0"
  optionalDependencies:
    fsevents "~2.3.2"
